
Microsoft Visual Studio Solution File, Format Version 12.00
# Visual Studio 14
VisualStudioVersion = 14.0.25123.0
MinimumVisualStudioVersion = 10.0.40219.1
Project("{FAE04EC0-301F-11D3-BF4B-00C04F79EFBC}") = "GestMovement", "GestMovement\GestMovement.csproj", "{52BDD479-8D5C-461A-B78F-BA7B3DB78DDD}"
EndProject
Global
	GlobalSection(SolutionConfigurationPlatforms) = preSolution
		Debug|Any CPU = Debug|Any CPU
		Release|Any CPU = Release|Any CPU
	EndGlobalSection
	GlobalSection(ProjectConfigurationPlatforms) = postSolution
		{52BDD479-8D5C-461A-B78F-BA7B3DB78DDD}.Debug|Any CPU.ActiveCfg = Debug|Any CPU
		{52BDD479-8D5C-461A-B78F-BA7B3DB78DDD}.Debug|Any CPU.Build.0 = Debug|Any CPU
		{52BDD479-8D5C-461A-B78F-BA7B3DB78DDD}.Release|Any CPU.ActiveCfg = Release|Any CPU
		{52BDD479-8D5C-461A-B78F-BA7B3DB78DDD}.Release|Any CPU.Build.0 = Release|Any CPU
	EndGlobalSection
	GlobalSection(SolutionProperties) = preSolution
		HideSolutionNode = FALSE
	EndGlobalSection
EndGlobal
